
Microsoft Visual Studio Solution File, Format Version 12.00
# Visual Studio Version 16
VisualStudioVersion = 16.0.29613.14
MinimumVisualStudioVersion = 10.0.40219.1
Project("{9A19103F-16F7-4668-BE54-9A1E7A4F7556}") = "SimpleSkeleton", "SimpleSkeleton\SimpleSkeleton.csproj", "{11F3FF5D-38F8-475B-A818-3A3E8873E961}"
EndProject
Global
	GlobalSection(SolutionConfigurationPlatforms) = preSolution
		Debug|Any CPU = Debug|Any CPU
		Release|Any CPU = Release|Any CPU
	EndGlobalSection
	GlobalSection(ProjectConfigurationPlatforms) = postSolution
		{11F3FF5D-38F8-475B-A818-3A3E8873E961}.Debug|Any CPU.ActiveCfg = Debug|Any CPU
		{11F3FF5D-38F8-475B-A818-3A3E8873E961}.Debug|Any CPU.Build.0 = Debug|Any CPU
		{11F3FF5D-38F8-475B-A818-3A3E8873E961}.Release|Any CPU.ActiveCfg = Release|Any CPU
		{11F3FF5D-38F8-475B-A818-3A3E8873E961}.Release|Any CPU.Build.0 = Release|Any CPU
	EndGlobalSection
	GlobalSection(SolutionProperties) = preSolution
		HideSolutionNode = FALSE
	EndGlobalSection
	GlobalSection(ExtensibilityGlobals) = postSolution
		SolutionGuid = {5347A845-E991-4045-9BF0-9DC24C9E9E70}
	EndGlobalSection
EndGlobal
